{
    "name": "nodejs-todo-app",
    "version": "1.0.0",
    "lockfileVersion": 2,
    "requires": true,
    "dependencies": {
      "body-parser": {
        "version": "1.19.0",
        "resolved": "https://registry.npmjs.org/body-parser/-/body-parser-1.19.0.tgz",
        "integrity": "sha512-dhEPs72UP3Cmyl5d3LhBGTrAXzYKqJrqUEYcP5bk5RUp5j7hI7XzN5rsgfXnA8PI4hDBF9y87h4d1c/RuKn/8Sw==",
        "requires": {
          "bytes": "3.1.0",
          "content-type": "~1.0.4",
          "debug": "2.6.9",
          "depd": "~1.1.2",
          "http-errors": "~1.7.2",
          "iconv-lite": "0.4.24",
          "on-finished": "~2.3.0",
          "qs": "6.7.0",
          "raw-body": "2.4.0",
          "type-is": "~1.6.17"
        }
      },
      "express": {
        "version": "4.17.1",
        "resolved": "https://registry.npmjs.org/express/-/express-4.17.1.tgz",
        "integrity": "sha512-pu8j+VXa5lmHwSZJO4qU+xQRzW8jOnAAinIbK7x2HlmwW1d5mRZG0fI6/FcqjP5fjBb5Gy5PJP1F+G5f5Z/G9Ww==",
        "requires": {
          "accepts": "~1.3.7",
          "array-flatten": "1.1.1",
          "body-parser": "1.19.0",
          "content-disposition": "0.5.3",
          "content-type": "~1.0.4",
          "cookie": "0.4.1",
          "cookie-signature": "1.0.6",
          "debug": "2.6.9",
          "depd": "~1.1.2",
          "encodeurl": "~1.0.2",
          "escape-html": "~1.0.3",
          "etag": "~1.8.1",
          "finalhandler": "~1.1.2",
          "fresh": "0.5.2",
          "merge-descriptors": "1.0.1",
          "methods": "~1.1.2",
          "on-finished": "~2.3.0",
          "parseurl": "~1.3.3",
          "path-to-regexp": "0.1.7",
          "proxy-addr": "~2.0.5",
          "qs": "6.7.0",
          "range-parser": "~1.2.1",
          "safe-buffer": "5.1.2",
          "send": "0.17.1",
          "serve-static": "1.14.1",
          "setprototypeof": "1.1.1",
          "statuses": "~1.5.0",
          "type-is": "~1.6.17",
          "utils-merge": "1.0.1",
          "vary": "~1.1.2"
        }
      },
      "json-server": {
        "version": "0.16.3",
        "resolved": "https://registry.npmjs.org/json-server/-/json-server-0.16.3.tgz",
        "integrity": "sha512-xj7P+iErUgKmopMCbTl5t4J3dVv4CBb6LmHU8lh0mJXFnzSmRz+jC04+g5PHe4egf6Ubh+5XM/rT19NLkTwRTA==",
        "requires": {
          "body-parser": "1.19.0",
          "chalk": "2.4.2",
          "chokidar": "2.1.8",
          "cors": "2.8.5",
          "lodash": "4.17.20",
          "lowdb": "1.0.0",
          "minimist": "1.2.5",
          "morgan": "1.9.1",
          "nedb": "1.8.0",
          "serve-static": "1.14.1",
          "yargs": "13.3.2"
        }
      }
    }
  }
  